
Microsoft Visual Studio Solution File, Format Version 12.00
# Visual Studio Version 16
VisualStudioVersion = 16.0.29709.97
MinimumVisualStudioVersion = 10.0.40219.1
Project("{FAE04EC0-301F-11D3-BF4B-00C04F79EFBC}") = "ConsultaRUCApp", "ConsultaRUCApp\ConsultaRUCApp.csproj", "{C7E939B9-3866-4FA1-B322-40A0D9FA0CEF}"
EndProject
Global
	GlobalSection(SolutionConfigurationPlatforms) = preSolution
		Debug|Any CPU = Debug|Any CPU
		Release|Any CPU = Release|Any CPU
	EndGlobalSection
	GlobalSection(ProjectConfigurationPlatforms) = postSolution
		{C7E939B9-3866-4FA1-B322-40A0D9FA0CEF}.Debug|Any CPU.ActiveCfg = Debug|Any CPU
		{C7E939B9-3866-4FA1-B322-40A0D9FA0CEF}.Debug|Any CPU.Build.0 = Debug|Any CPU
		{C7E939B9-3866-4FA1-B322-40A0D9FA0CEF}.Release|Any CPU.ActiveCfg = Release|Any CPU
		{C7E939B9-3866-4FA1-B322-40A0D9FA0CEF}.Release|Any CPU.Build.0 = Release|Any CPU
	EndGlobalSection
	GlobalSection(SolutionProperties) = preSolution
		HideSolutionNode = FALSE
	EndGlobalSection
	GlobalSection(ExtensibilityGlobals) = postSolution
		SolutionGuid = {4342FCF7-BD39-4657-908C-A91AE09D9CE2}
	EndGlobalSection
EndGlobal
